
Microsoft Visual Studio Solution File, Format Version 12.00
# Visual Studio Version 17
VisualStudioVersion = 17.14.36429.23
MinimumVisualStudioVersion = 10.0.40219.1
Project("{8BC9CEB8-8B4A-11D0-8D11-00A0C91BC942}") = "HW03", "HW03\HW03.vcxproj", "{1A45E47A-0683-43C1-B02C-08BE836FCCA4}"
EndProject
Project("{8BC9CEB8-8B4A-11D0-8D11-00A0C91BC942}") = "Lecture04", "Lecture04\Lecture04.vcxproj", "{32DE4812-C17C-48B3-BA7A-78CAFCF70879}"
EndProject
Project("{8BC9CEB8-8B4A-11D0-8D11-00A0C91BC942}") = "Lecture11", "Lecture11\Lecture11.vcxproj", "{F569CD88-4846-4453-9904-D44B5B6CC5EE}"
EndProject
Project("{8BC9CEB8-8B4A-11D0-8D11-00A0C91BC942}") = "C_FinalProject", "C_FinalProject\C_FinalProject.vcxproj", "{CAF0DFED-531B-4481-AD63-99814050F2E5}"
EndProject
Global
	GlobalSection(SolutionConfigurationPlatforms) = preSolution
		Debug|x64 = Debug|x64
		Debug|x86 = Debug|x86
		Release|x64 = Release|x64
		Release|x86 = Release|x86
	EndGlobalSection
	GlobalSection(ProjectConfigurationPlatforms) = postSolution
		{1A45E47A-0683-43C1-B02C-08BE836FCCA4}.Debug|x64.ActiveCfg = Debug|x64
		{1A45E47A-0683-43C1-B02C-08BE836FCCA4}.Debug|x64.Build.0 = Debug|x64
		{1A45E47A-0683-43C1-B02C-08BE836FCCA4}.Debug|x86.ActiveCfg = Debug|Win32
		{1A45E47A-0683-43C1-B02C-08BE836FCCA4}.Debug|x86.Build.0 = Debug|Win32
		{1A45E47A-0683-43C1-B02C-08BE836FCCA4}.Release|x64.ActiveCfg = Release|x64
		{1A45E47A-0683-43C1-B02C-08BE836FCCA4}.Release|x64.Build.0 = Release|x64
		{1A45E47A-0683-43C1-B02C-08BE836FCCA4}.Release|x86.ActiveCfg = Release|Win32
		{1A45E47A-0683-43C1-B02C-08BE836FCCA4}.Release|x86.Build.0 = Release|Win32
		{32DE4812-C17C-48B3-BA7A-78CAFCF70879}.Debug|x64.ActiveCfg = Debug|x64
		{32DE4812-C17C-48B3-BA7A-78CAFCF70879}.Debug|x64.Build.0 = Debug|x64
		{32DE4812-C17C-48B3-BA7A-78CAFCF70879}.Debug|x86.ActiveCfg = Debug|Win32
		{32DE4812-C17C-48B3-BA7A-78CAFCF70879}.Debug|x86.Build.0 = Debug|Win32
		{32DE4812-C17C-48B3-BA7A-78CAFCF70879}.Release|x64.ActiveCfg = Release|x64
		{32DE4812-C17C-48B3-BA7A-78CAFCF70879}.Release|x64.Build.0 = Release|x64
		{32DE4812-C17C-48B3-BA7A-78CAFCF70879}.Release|x86.ActiveCfg = Release|Win32
		{32DE4812-C17C-48B3-BA7A-78CAFCF70879}.Release|x86.Build.0 = Release|Win32
		{F569CD88-4846-4453-9904-D44B5B6CC5EE}.Debug|x64.ActiveCfg = Debug|x64
		{F569CD88-4846-4453-9904-D44B5B6CC5EE}.Debug|x64.Build.0 = Debug|x64
		{F569CD88-4846-4453-9904-D44B5B6CC5EE}.Debug|x86.ActiveCfg = Debug|Win32
		{F569CD88-4846-4453-9904-D44B5B6CC5EE}.Debug|x86.Build.0 = Debug|Win32
		{F569CD88-4846-4453-9904-D44B5B6CC5EE}.Release|x64.ActiveCfg = Release|x64
		{F569CD88-4846-4453-9904-D44B5B6CC5EE}.Release|x64.Build.0 = Release|x64
		{F569CD88-4846-4453-9904-D44B5B6CC5EE}.Release|x86.ActiveCfg = Release|Win32
		{F569CD88-4846-4453-9904-D44B5B6CC5EE}.Release|x86.Build.0 = Release|Win32
		{CAF0DFED-531B-4481-AD63-99814050F2E5}.Debug|x64.ActiveCfg = Debug|x64
		{CAF0DFED-531B-4481-AD63-99814050F2E5}.Debug|x64.Build.0 = Debug|x64
		{CAF0DFED-531B-4481-AD63-99814050F2E5}.Debug|x86.ActiveCfg = Debug|Win32
		{CAF0DFED-531B-4481-AD63-99814050F2E5}.Debug|x86.Build.0 = Debug|Win32
		{CAF0DFED-531B-4481-AD63-99814050F2E5}.Release|x64.ActiveCfg = Release|x64
		{CAF0DFED-531B-4481-AD63-99814050F2E5}.Release|x64.Build.0 = Release|x64
		{CAF0DFED-531B-4481-AD63-99814050F2E5}.Release|x86.ActiveCfg = Release|Win32
		{CAF0DFED-531B-4481-AD63-99814050F2E5}.Release|x86.Build.0 = Release|Win32
	EndGlobalSection
	GlobalSection(SolutionProperties) = preSolution
		HideSolutionNode = FALSE
	EndGlobalSection
	GlobalSection(ExtensibilityGlobals) = postSolution
		SolutionGuid = {5E537AD4-E351-4461-B5F5-9D7BE38E9751}
	EndGlobalSection
EndGlobal
